
Microsoft Visual Studio Solution File, Format Version 11.00
# Visual C++ Express 2010
Project("{8BC9CEB8-8B4A-11D0-8D11-00A0C91BC942}") = "drivertest", "drivertest\drivertest.vcxproj", "{B4B2BB76-C0B3-4BCF-845B-95C9CD9A7B1D}"
EndProject
Global
	GlobalSection(SolutionConfigurationPlatforms) = preSolution
		Debug|Win32 = Debug|Win32
		Release|Win32 = Release|Win32
	EndGlobalSection
	GlobalSection(ProjectConfigurationPlatforms) = postSolution
		{B4B2BB76-C0B3-4BCF-845B-95C9CD9A7B1D}.Debug|Win32.ActiveCfg = Debug|Win32
		{B4B2BB76-C0B3-4BCF-845B-95C9CD9A7B1D}.Debug|Win32.Build.0 = Debug|Win32
		{B4B2BB76-C0B3-4BCF-845B-95C9CD9A7B1D}.Release|Win32.ActiveCfg = Release|Win32
		{B4B2BB76-C0B3-4BCF-845B-95C9CD9A7B1D}.Release|Win32.Build.0 = Release|Win32
	EndGlobalSection
	GlobalSection(SolutionProperties) = preSolution
		HideSolutionNode = FALSE
	EndGlobalSection
EndGlobal
